
Microsoft Visual Studio Solution File, Format Version 12.00
# Visual Studio Version 17
VisualStudioVersion = 17.5.33516.290
MinimumVisualStudioVersion = 10.0.40219.1
Project("{FAE04EC0-301F-11D3-BF4B-00C04F79EFBC}") = "InTime+", "InTime+.csproj", "{44721D56-F7A3-44AB-A590-CCB786DF61DF}"
EndProject
Global
	GlobalSection(SolutionConfigurationPlatforms) = preSolution
		Debug|Any CPU = Debug|Any CPU
		Release|Any CPU = Release|Any CPU
	EndGlobalSection
	GlobalSection(ProjectConfigurationPlatforms) = postSolution
		{44721D56-F7A3-44AB-A590-CCB786DF61DF}.Debug|Any CPU.ActiveCfg = Debug|Any CPU
		{44721D56-F7A3-44AB-A590-CCB786DF61DF}.Debug|Any CPU.Build.0 = Debug|Any CPU
		{44721D56-F7A3-44AB-A590-CCB786DF61DF}.Release|Any CPU.ActiveCfg = Release|Any CPU
		{44721D56-F7A3-44AB-A590-CCB786DF61DF}.Release|Any CPU.Build.0 = Release|Any CPU
	EndGlobalSection
	GlobalSection(SolutionProperties) = preSolution
		HideSolutionNode = FALSE
	EndGlobalSection
	GlobalSection(ExtensibilityGlobals) = postSolution
		SolutionGuid = {D030875A-33FA-4D6E-83D7-0405D4927210}
	EndGlobalSection
EndGlobal
